
Microsoft Visual Studio Solution File, Format Version 12.00
# Visual Studio 15
VisualStudioVersion = 15.0.27428.2015
MinimumVisualStudioVersion = 10.0.40219.1
Project("{FAE04EC0-301F-11D3-BF4B-00C04F79EFBC}") = "Login", "Login\Login.csproj", "{5303C27D-446B-4312-9FE4-75F798C70E17}"
EndProject
Global
	GlobalSection(SolutionConfigurationPlatforms) = preSolution
		Debug|Any CPU = Debug|Any CPU
		Release|Any CPU = Release|Any CPU
	EndGlobalSection
	GlobalSection(ProjectConfigurationPlatforms) = postSolution
		{5303C27D-446B-4312-9FE4-75F798C70E17}.Debug|Any CPU.ActiveCfg = Debug|Any CPU
		{5303C27D-446B-4312-9FE4-75F798C70E17}.Debug|Any CPU.Build.0 = Debug|Any CPU
		{5303C27D-446B-4312-9FE4-75F798C70E17}.Release|Any CPU.ActiveCfg = Release|Any CPU
		{5303C27D-446B-4312-9FE4-75F798C70E17}.Release|Any CPU.Build.0 = Release|Any CPU
	EndGlobalSection
	GlobalSection(SolutionProperties) = preSolution
		HideSolutionNode = FALSE
	EndGlobalSection
	GlobalSection(ExtensibilityGlobals) = postSolution
		SolutionGuid = {94BB8CCF-93C2-4576-B8BF-60F90A5F4044}
	EndGlobalSection
EndGlobal
